// !$*UTF8*$!
{
	archiveVersion = 1;
	classes = {
	};
	objectVersion = 56;
	objects = {

/* Begin PBXBuildFile section */
		14D5FF3C2E6632E600F53C94 /* ViaplayApp.swift in Sources */ = {isa = PBXBuildFile; fileRef = 14D5FF3B2E6632E600F53C94 /* ViaplayApp.swift */; };
		14D5FF3E2E6632E600F53C94 /* ContentView.swift in Sources */ = {isa = PBXBuildFile; fileRef = 14D5FF3D2E6632E600F53C94 /* ContentView.swift */; };
		14D5FF402E6632EB00F53C94 /* Assets.xcassets in Resources */ = {isa = PBXBuildFile; fileRef = 14D5FF3F2E6632EB00F53C94 /* Assets.xcassets */; };
		14D5FF442E6632EB00F53C94 /* Preview Assets.xcassets in Resources */ = {isa = PBXBuildFile; fileRef = 14D5FF432E6632EB00F53C94 /* Preview Assets.xcassets */; };
		14D5FF4E2E6632EC00F53C94 /* ViaplayTests.swift in Sources */ = {isa = PBXBuildFile; fileRef = 14D5FF4D2E6632EC00F53C94 /* ViaplayTests.swift */; };
/* End PBXBuildFile section */

/* Begin PBXContainerItemProxy section */
		14D5FF4A2E6632EB00F53C94 /* PBXContainerItemProxy */ = {
			isa = PBXContainerItemProxy;
			containerPortal = 14D5FF302E6632E600F53C94 /* Project object */;
			proxyType = 1;
			remoteGlobalIDString = 14D5FF372E6632E600F53C94;
			remoteInfo = Viaplay;
		};
		14D5FF542E6632EC00F53C94 /* PBXContainerItemProxy */ = {
			isa = PBXContainerItemProxy;
			containerPortal = 14D5FF302E6632E600F53C94 /* Project object */;
			proxyType = 1;
			remoteGlobalIDString = 14D5FF372E6632E600F53C94;
			remoteInfo = Viaplay;
		};
/* End PBXContainerItemProxy section */

/* Begin PBXFileReference section */
		14D5FF382E6632E600F53C94 /* Viaplay.app */ = {isa = PBXFileReference; explicitFileType = wrapper.application; includeInIndex = 0; path = Viaplay.app; sourceTree = BUILT_PRODUCTS_DIR; };
		14D5FF3B2E6632E600F53C94 /* ViaplayApp.swift */ = {isa = PBXFileReference; lastKnownFileType = sourcecode.swift; path = ViaplayApp.swift; sourceTree = "<group>"; };
		14D5FF3D2E6632E600F53C94 /* ContentView.swift */ = {isa = PBXFileReference; lastKnownFileType = sourcecode.swift; path = ContentView.swift; sourceTree = "<group>"; };
		14D5FF3F2E6632EB00F53C94 /* Assets.xcassets */ = {isa = PBXFileReference; lastKnownFileType = folder.assetcatalog; path = Assets.xcassets; sourceTree = "<group>"; };
		14D5FF412E6632EB00F53C94 /* Viaplay.entitlements */ = {isa = PBXFileReference; lastKnownFileType = text.plist.entitlements; path = Viaplay.entitlements; sourceTree = "<group>"; };
		14D5FF432E6632EB00F53C94 /* Preview Assets.xcassets */ = {isa = PBXFileReference; lastKnownFileType = folder.assetcatalog; path = "Preview Assets.xcassets"; sourceTree = "<group>"; };
		14D5FF492E6632EB00F53C94 /* ViaplayTests.xctest */ = {isa = PBXFileReference; explicitFileType = wrapper.cfbundle; includeInIndex = 0; path = ViaplayTests.xctest; sourceTree = BUILT_PRODUCTS_DIR; };
		14D5FF4D2E6632EC00F53C94 /* ViaplayTests.swift */ = {isa = PBXFileReference; lastKnownFileType = sourcecode.swift; path = ViaplayTests.swift; sourceTree = "<group>"; };
		14D5FF532E6632EC00F53C94 /* ViaplayUITests.xctest */ = {isa = PBXFileReference; explicitFileType = wrapper.cfbundle; includeInIndex = 0; path = ViaplayUITests.xctest; sourceTree = BUILT_PRODUCTS_DIR; };
/* End PBXFileReference section */

/* Begin PBXFrameworksBuildPhase section */
		14D5FF352E6632E600F53C94 /* Frameworks */ = {
			isa = PBXFrameworksBuildPhase;
			buildActionMask = 2147483647;
			files = (
			);
			runOnlyForDeploymentPostprocessing = 0;
		};
		14D5FF462E6632EB00F53C94 /* Frameworks */ = {
			isa = PBXFrameworksBuildPhase;
			buildActionMask = 2147483647;
			files = (
			);
			runOnlyForDeploymentPostprocessing = 0;
		};
		14D5FF502E6632EC00F53C94 /* Frameworks */ = {
			isa = PBXFrameworksBuildPhase;
			buildActionMask = 2147483647;
			files = (
			);
			runOnlyForDeploymentPostprocessing = 0;
		};
/* End PBXFrameworksBuildPhase section */

/* Begin PBXGroup section */
		14D5FF2F2E6632E600F53C94 = {
			isa = PBXGroup;
			children = (
				14D5FF3A2E6632E600F53C94 /* Viaplay */,
				14D5FF4C2E6632EC00F53C94 /* ViaplayTests */,
				14D5FF392E6632E600F53C94 /* Products */,
			);
			sourceTree = "<group>";
		};
		14D5FF392E6632E600F53C94 /* Products */ = {
			isa = PBXGroup;
			children = (
				14D5FF382E6632E600F53C94 /* Viaplay.app */,
				14D5FF492E6632EB00F53C94 /* ViaplayTests.xctest */,
				14D5FF532E6632EC00F53C94 /* ViaplayUITests.xctest */,
			);
			name = Products;
			sourceTree = "<group>";
		};
		14D5FF3A2E6632E600F53C94 /* Viaplay */ = {
			isa = PBXGroup;
			children = (
				14D5FF3B2E6632E600F53C94 /* ViaplayApp.swift */,
				14D5FF3D2E6632E600F53C94 /* ContentView.swift */,
				14D5FF3F2E6632EB00F53C94 /* Assets.xcassets */,
				14D5FF412E6632EB00F53C94 /* Viaplay.entitlements */,
				14D5FF422E6632EB00F53C94 /* Preview Content */,
			);
			path = Viaplay;
			sourceTree = "<group>";
		};
		14D5FF422E6632EB00F53C94 /* Preview Content */ = {
			isa = PBXGroup;
			children = (
				14D5FF432E6632EB00F53C94 /* Preview Assets.xcassets */,
			);
			path = "Preview Content";
			sourceTree = "<group>";
		};
		14D5FF4C2E6632EC00F53C94 /* ViaplayTests */ = {
			isa = PBXGroup;
			children = (
				14D5FF4D2E6632EC00F53C94 /* ViaplayTests.swift */,
			);
			path = ViaplayTests;
			sourceTree = "<group>";
		};
/* End PBXGroup section */

/* Begin PBXNativeTarget section */
		14D5FF372E6632E600F53C94 /* Viaplay */ = {
			isa = PBXNativeTarget;
			buildConfigurationList = 14D5FF5D2E6632EC00F53C94 /* Build configuration list for PBXNativeTarget "Viaplay" */;
			buildPhases = (
				14D5FF342E6632E600F53C94 /* Sources */,
				14D5FF352E6632E600F53C94 /* Frameworks */,
				14D5FF362E6632E600F53C94 /* Resources */,
			);
			buildRules = (
			);
			dependencies = (
			);
			name = Viaplay;
			productName = Viaplay;
			productReference = 14D5FF382E6632E600F53C94 /* Viaplay.app */;
			productType = "com.apple.product-type.application";
		};
		14D5FF482E6632EB00F53C94 /* ViaplayTests */ = {
			isa = PBXNativeTarget;
			buildConfigurationList = 14D5FF602E6632EC00F53C94 /* Build configuration list for PBXNativeTarget "ViaplayTests" */;
			buildPhases = (
				14D5FF452E6632EB00F53C94 /* Sources */,
				14D5FF462E6632EB00F53C94 /* Frameworks */,
				14D5FF472E6632EB00F53C94 /* Resources */,
			);
			buildRules = (
			);
			dependencies = (
				14D5FF4B2E6632EB00F53C94 /* PBXTargetDependency */,
			);
			name = ViaplayTests;
			productName = ViaplayTests;
			productReference = 14D5FF492E6632EB00F53C94 /* ViaplayTests.xctest */;
			productType = "com.apple.product-type.bundle.unit-test";
		};
		14D5FF522E6632EC00F53C94 /* ViaplayUITests */ = {
			isa = PBXNativeTarget;
			buildConfigurationList = 14D5FF632E6632EC00F53C94 /* Build configuration list for PBXNativeTarget "ViaplayUITests" */;
			buildPhases = (
				14D5FF4F2E6632EC00F53C94 /* Sources */,
				14D5FF502E6632EC00F53C94 /* Frameworks */,
				14D5FF512E6632EC00F53C94 /* Resources */,
			);
			buildRules = (
			);
			dependencies = (
				14D5FF552E6632EC00F53C94 /* PBXTargetDependency */,
			);
			name = ViaplayUITests;
			productName = ViaplayUITests;
			productReference = 14D5FF532E6632EC00F53C94 /* ViaplayUITests.xctest */;
			productType = "com.apple.product-type.bundle.ui-testing";
		};
/* End PBXNativeTarget section */

/* Begin PBXProject section */
		14D5FF302E6632E600F53C94 /* Project object */ = {
			isa = PBXProject;
			attributes = {
				BuildIndependentTargetsInParallel = 1;
				LastSwiftUpdateCheck = 1520;
				LastUpgradeCheck = 1520;
				TargetAttributes = {
					14D5FF372E6632E600F53C94 = {
						CreatedOnToolsVersion = 15.2;
					};
					14D5FF482E6632EB00F53C94 = {
						CreatedOnToolsVersion = 15.2;
						TestTargetID = 14D5FF372E6632E600F53C94;
					};
					14D5FF522E6632EC00F53C94 = {
						CreatedOnToolsVersion = 15.2;
						TestTargetID = 14D5FF372E6632E600F53C94;
					};
				};
			};
			buildConfigurationList = 14D5FF332E6632E600F53C94 /* Build configuration list for PBXProject "Viaplay" */;
			compatibilityVersion = "Xcode 14.0";
			developmentRegion = en;
			hasScannedForEncodings = 0;
			knownRegions = (
				en,
				Base,
			);
			mainGroup = 14D5FF2F2E6632E600F53C94;
			productRefGroup = 14D5FF392E6632E600F53C94 /* Products */;
			projectDirPath = "";
			projectRoot = "";
			targets = (
				14D5FF372E6632E600F53C94 /* Viaplay */,
				14D5FF482E6632EB00F53C94 /* ViaplayTests */,
				14D5FF522E6632EC00F53C94 /* ViaplayUITests */,
			);
		};
/* End PBXProject section */

/* Begin PBXResourcesBuildPhase section */
		14D5FF362E6632E600F53C94 /* Resources */ = {
			isa = PBXResourcesBuildPhase;
			buildActionMask = 2147483647;
			files = (
				14D5FF442E6632EB00F53C94 /* Preview Assets.xcassets in Resources */,
				14D5FF402E6632EB00F53C94 /* Assets.xcassets in Resources */,
			);
			runOnlyForDeploymentPostprocessing = 0;
		};
		14D5FF472E6632EB00F53C94 /* Resources */ = {
			isa = PBXResourcesBuildPhase;
			buildActionMask = 2147483647;
			files = (
			);
			runOnlyForDeploymentPostprocessing = 0;
		};
		14D5FF512E6632EC00F53C94 /* Resources */ = {
			isa = PBXResourcesBuildPhase;
			buildActionMask = 2147483647;
			files = (
			);
			runOnlyForDeploymentPostprocessing = 0;
		};
/* End PBXResourcesBuildPhase section */

/* Begin PBXSourcesBuildPhase section */
		14D5FF342E6632E600F53C94 /* Sources */ = {
			isa = PBXSourcesBuildPhase;
			buildActionMask = 2147483647;
			files = (
				14D5FF3E2E6632E600F53C94 /* ContentView.swift in Sources */,
				14D5FF3C2E6632E600F53C94 /* ViaplayApp.swift in Sources */,
			);
			runOnlyForDeploymentPostprocessing = 0;
		};
		14D5FF452E6632EB00F53C94 /* Sources */ = {
			isa = PBXSourcesBuildPhase;
			buildActionMask = 2147483647;
			files = (
				14D5FF4E2E6632EC00F53C94 /* ViaplayTests.swift in Sources */,
			);
			runOnlyForDeploymentPostprocessing = 0;
		};
		14D5FF4F2E6632EC00F53C94 /* Sources */ = {
			isa = PBXSourcesBuildPhase;
			buildActionMask = 2147483647;
			files = (
			);
			runOnlyForDeploymentPostprocessing = 0;
		};
/* End PBXSourcesBuildPhase section */

/* Begin PBXTargetDependency section */
		14D5FF4B2E6632EB00F53C94 /* PBXTargetDependency */ = {
			isa = PBXTargetDependency;
			target = 14D5FF372E6632E600F53C94 /* Viaplay */;
			targetProxy = 14D5FF4A2E6632EB00F53C94 /* PBXContainerItemProxy */;
		};
		14D5FF552E6632EC00F53C94 /* PBXTargetDependency */ = {
			isa = PBXTargetDependency;
			target = 14D5FF372E6632E600F53C94 /* Viaplay */;
			targetProxy = 14D5FF542E6632EC00F53C94 /* PBXContainerItemProxy */;
		};
/* End PBXTargetDependency section */

/* Begin XCBuildConfiguration section */
		14D5FF5B2E6632EC00F53C94 /* Debug */ = {
			isa = XCBuildConfiguration;
			buildSettings = {
				ALWAYS_SEARCH_USER_PATHS = NO;
				ASSETCATALOG_COMPILER_GENERATE_SWIFT_ASSET_SYMBOL_EXTENSIONS = YES;
				CLANG_ANALYZER_NONNULL = YES;
				CLANG_ANALYZER_NUMBER_OBJECT_CONVERSION = YES_AGGRESSIVE;
				CLANG_CXX_LANGUAGE_STANDARD = "gnu++20";
				CLANG_ENABLE_MODULES = YES;
				CLANG_ENABLE_OBJC_ARC = YES;
				CLANG_ENABLE_OBJC_WEAK = YES;
				CLANG_WARN_BLOCK_CAPTURE_AUTORELEASING = YES;
				CLANG_WARN_BOOL_CONVERSION = YES;
				CLANG_WARN_COMMA = YES;
				CLANG_WARN_CONSTANT_CONVERSION = YES;
				CLANG_WARN_DEPRECATED_OBJC_IMPLEMENTATIONS = YES;
				CLANG_WARN_DIRECT_OBJC_ISA_USAGE = YES_ERROR;
				CLANG_WARN_DOCUMENTATION_COMMENTS = YES;
				CLANG_WARN_EMPTY_BODY = YES;
				CLANG_WARN_ENUM_CONVERSION = YES;
				CLANG_WARN_INFINITE_RECURSION = YES;
				CLANG_WARN_INT_CONVERSION = YES;
				CLANG_WARN_NON_LITERAL_NULL_CONVERSION = YES;
				CLANG_WARN_OBJC_IMPLICIT_RETAIN_SELF = YES;
				CLANG_WARN_OBJC_LITERAL_CONVERSION = YES;
				CLANG_WARN_OBJC_ROOT_CLASS = YES_ERROR;
				CLANG_WARN_QUOTED_INCLUDE_IN_FRAMEWORK_HEADER = YES;
				CLANG_WARN_RANGE_LOOP_ANALYSIS = YES;
				CLANG_WARN_STRICT_PROTOTYPES = YES;
				CLANG_WARN_SUSPICIOUS_MOVE = YES;
				CLANG_WARN_UNGUARDED_AVAILABILITY = YES_AGGRESSIVE;
				CLANG_WARN_UNREACHABLE_CODE = YES;
				CLANG_WARN__DUPLICATE_METHOD_MATCH = YES;
				COPY_PHASE_STRIP = NO;
				DEBUG_INFORMATION_FORMAT = dwarf;
				ENABLE_STRICT_OBJC_MSGSEND = YES;
				ENABLE_TESTABILITY = YES;
				ENABLE_USER_SCRIPT_SANDBOXING = YES;
				GCC_C_LANGUAGE_STANDARD = gnu17;
				GCC_DYNAMIC_NO_PIC = NO;
				GCC_NO_COMMON_BLOCKS = YES;
				GCC_OPTIMIZATION_LEVEL = 0;
				GCC_PREPROCESSOR_DEFINITIONS = (
					"DEBUG=1",
					"$(inherited)",
				);
				GCC_WARN_64_TO_32_BIT_CONVERSION = YES;
				GCC_WARN_ABOUT_RETURN_TYPE = YES_ERROR;
				GCC_WARN_UNDECLARED_SELECTOR = YES;
				GCC_WARN_UNINITIALIZED_AUTOS = YES_AGGRESSIVE;
				GCC_WARN_UNUSED_FUNCTION = YES;
				GCC_WARN_UNUSED_VARIABLE = YES;
				LOCALIZATION_PREFERS_STRING_CATALOGS = YES;
				MTL_ENABLE_DEBUG_INFO = INCLUDE_SOURCE;
				MTL_FAST_MATH = YES;
				ONLY_ACTIVE_ARCH = YES;
				SWIFT_ACTIVE_COMPILATION_CONDITIONS = "DEBUG $(inherited)";
				SWIFT_OPTIMIZATION_LEVEL = "-Onone";
			};
			name = Debug;
		};
		14D5FF5C2E6632EC00F53C94 /* Release */ = {
			isa = XCBuildConfiguration;
			buildSettings = {
				ALWAYS_SEARCH_USER_PATHS = NO;
				ASSETCATALOG_COMPILER_GENERATE_SWIFT_ASSET_SYMBOL_EXTENSIONS = YES;
				CLANG_ANALYZER_NONNULL = YES;
				CLANG_ANALYZER_NUMBER_OBJECT_CONVERSION = YES_AGGRESSIVE;
				CLANG_CXX_LANGUAGE_STANDARD = "gnu++20";
				CLANG_ENABLE_MODULES = YES;
				CLANG_ENABLE_OBJC_ARC = YES;
				CLANG_ENABLE_OBJC_WEAK = YES;
				CLANG_WARN_BLOCK_CAPTURE_AUTORELEASING = YES;
				CLANG_WARN_BOOL_CONVERSION = YES;
				CLANG_WARN_COMMA = YES;
				CLANG_WARN_CONSTANT_CONVERSION = YES;
				CLANG_WARN_DEPRECATED_OBJC_IMPLEMENTATIONS = YES;
				CLANG_WARN_DIRECT_OBJC_ISA_USAGE = YES_ERROR;
				CLANG_WARN_DOCUMENTATION_COMMENTS = YES;
				CLANG_WARN_EMPTY_BODY = YES;
				CLANG_WARN_ENUM_CONVERSION = YES;
				CLANG_WARN_INFINITE_RECURSION = YES;
				CLANG_WARN_INT_CONVERSION = YES;
				CLANG_WARN_NON_LITERAL_NULL_CONVERSION = YES;
				CLANG_WARN_OBJC_IMPLICIT_RETAIN_SELF = YES;
				CLANG_WARN_OBJC_LITERAL_CONVERSION = YES;
				CLANG_WARN_OBJC_ROOT_CLASS = YES_ERROR;
				CLANG_WARN_QUOTED_INCLUDE_IN_FRAMEWORK_HEADER = YES;
				CLANG_WARN_RANGE_LOOP_ANALYSIS = YES;
				CLANG_WARN_STRICT_PROTOTYPES = YES;
				CLANG_WARN_SUSPICIOUS_MOVE = YES;
				CLANG_WARN_UNGUARDED_AVAILABILITY = YES_AGGRESSIVE;
				CLANG_WARN_UNREACHABLE_CODE = YES;
				CLANG_WARN__DUPLICATE_METHOD_MATCH = YES;
				COPY_PHASE_STRIP = NO;
				DEBUG_INFORMATION_FORMAT = "dwarf-with-dsym";
				ENABLE_NS_ASSERTIONS = NO;
				ENABLE_STRICT_OBJC_MSGSEND = YES;
				ENABLE_USER_SCRIPT_SANDBOXING = YES;
				GCC_C_LANGUAGE_STANDARD = gnu17;
				GCC_NO_COMMON_BLOCKS = YES;
				GCC_WARN_64_TO_32_BIT_CONVERSION = YES;
				GCC_WARN_ABOUT_RETURN_TYPE = YES_ERROR;
				GCC_WARN_UNDECLARED_SELECTOR = YES;
				GCC_WARN_UNINITIALIZED_AUTOS = YES_AGGRESSIVE;
				GCC_WARN_UNUSED_FUNCTION = YES;
				GCC_WARN_UNUSED_VARIABLE = YES;
				LOCALIZATION_PREFERS_STRING_CATALOGS = YES;
				MTL_ENABLE_DEBUG_INFO = NO;
				MTL_FAST_MATH = YES;
				SWIFT_COMPILATION_MODE = wholemodule;
			};
			name = Release;
		};
		14D5FF5E2E6632EC00F53C94 /* Debug */ = {
			isa = XCBuildConfiguration;
			buildSettings = {
				ASSETCATALOG_COMPILER_APPICON_NAME = AppIcon;
				ASSETCATALOG_COMPILER_GLOBAL_ACCENT_COLOR_NAME = AccentColor;
				CODE_SIGN_ENTITLEMENTS = Viaplay/Viaplay.entitlements;
				CODE_SIGN_STYLE = Automatic;
				CURRENT_PROJECT_VERSION = 1;
				DEVELOPMENT_ASSET_PATHS = "\"Viaplay/Preview Content\"";
				DEVELOPMENT_TEAM = XMY6QG9YH8;
				ENABLE_HARDENED_RUNTIME = YES;
				ENABLE_PREVIEWS = YES;
				GENERATE_INFOPLIST_FILE = YES;
				"INFOPLIST_KEY_UIApplicationSceneManifest_Generation[sdk=iphoneos*]" = YES;
				"INFOPLIST_KEY_UIApplicationSceneManifest_Generation[sdk=iphonesimulator*]" = YES;
				"INFOPLIST_KEY_UIApplicationSupportsIndirectInputEvents[sdk=iphoneos*]" = YES;
				"INFOPLIST_KEY_UIApplicationSupportsIndirectInputEvents[sdk=iphonesimulator*]" = YES;
				"INFOPLIST_KEY_UILaunchScreen_Generation[sdk=iphoneos*]" = YES;
				"INFOPLIST_KEY_UILaunchScreen_Generation[sdk=iphonesimulator*]" = YES;
				"INFOPLIST_KEY_UIStatusBarStyle[sdk=iphoneos*]" = UIStatusBarStyleDefault;
				"INFOPLIST_KEY_UIStatusBarStyle[sdk=iphonesimulator*]" = UIStatusBarStyleDefault;
				INFOPLIST_KEY_UISupportedInterfaceOrientations_iPad = "UIInterfaceOrientationPortrait UIInterfaceOrientationPortraitUpsideDown UIInterfaceOrientationLandscapeLeft UIInterfaceOrientationLandscapeRight";
				INFOPLIST_KEY_UISupportedInterfaceOrientations_iPhone = "UIInterfaceOrientationPortrait UIInterfaceOrientationLandscapeLeft UIInterfaceOrientationLandscapeRight";
				IPHONEOS_DEPLOYMENT_TARGET = 17.2;
				LD_RUNPATH_SEARCH_PATHS = "@executable_path/Frameworks";
				"LD_RUNPATH_SEARCH_PATHS[sdk=macosx*]" = "@executable_path/../Frameworks";
				MACOSX_DEPLOYMENT_TARGET = 13.7;
				MARKETING_VERSION = 1.0;
				PRODUCT_BUNDLE_IDENTIFIER = com.jordigallen.Viaplay;
				PRODUCT_NAME = "$(TARGET_NAME)";
				SDKROOT = auto;
				SUPPORTED_PLATFORMS = "iphoneos iphonesimulator macosx";
				SWIFT_EMIT_LOC_STRINGS = YES;
				SWIFT_VERSION = 5.0;
				TARGETED_DEVICE_FAMILY = "1,2";
			};
			name = Debug;
		};
		14D5FF5F2E6632EC00F53C94 /* Release */ = {
			isa = XCBuildConfiguration;
			buildSettings = {
				ASSETCATALOG_COMPILER_APPICON_NAME = AppIcon;
				ASSETCATALOG_COMPILER_GLOBAL_ACCENT_COLOR_NAME = AccentColor;
				CODE_SIGN_ENTITLEMENTS = Viaplay/Viaplay.entitlements;
				CODE_SIGN_STYLE = Automatic;
				CURRENT_PROJECT_VERSION = 1;
				DEVELOPMENT_ASSET_PATHS = "\"Viaplay/Preview Content\"";
				DEVELOPMENT_TEAM = XMY6QG9YH8;
				ENABLE_HARDENED_RUNTIME = YES;
				ENABLE_PREVIEWS = YES;
				GENERATE_INFOPLIST_FILE = YES;
				"INFOPLIST_KEY_UIApplicationSceneManifest_Generation[sdk=iphoneos*]" = YES;
				"INFOPLIST_KEY_UIApplicationSceneManifest_Generation[sdk=iphonesimulator*]" = YES;
				"INFOPLIST_KEY_UIApplicationSupportsIndirectInputEvents[sdk=iphoneos*]" = YES;
				"INFOPLIST_KEY_UIApplicationSupportsIndirectInputEvents[sdk=iphonesimulator*]" = YES;
				"INFOPLIST_KEY_UILaunchScreen_Generation[sdk=iphoneos*]" = YES;
				"INFOPLIST_KEY_UILaunchScreen_Generation[sdk=iphonesimulator*]" = YES;
				"INFOPLIST_KEY_UIStatusBarStyle[sdk=iphoneos*]" = UIStatusBarStyleDefault;
				"INFOPLIST_KEY_UIStatusBarStyle[sdk=iphonesimulator*]" = UIStatusBarStyleDefault;
				INFOPLIST_KEY_UISupportedInterfaceOrientations_iPad = "UIInterfaceOrientationPortrait UIInterfaceOrientationPortraitUpsideDown UIInterfaceOrientationLandscapeLeft UIInterfaceOrientationLandscapeRight";
				INFOPLIST_KEY_UISupportedInterfaceOrientations_iPhone = "UIInterfaceOrientationPortrait UIInterfaceOrientationLandscapeLeft UIInterfaceOrientationLandscapeRight";
				IPHONEOS_DEPLOYMENT_TARGET = 17.2;
				LD_RUNPATH_SEARCH_PATHS = "@executable_path/Frameworks";
				"LD_RUNPATH_SEARCH_PATHS[sdk=macosx*]" = "@executable_path/../Frameworks";
				MACOSX_DEPLOYMENT_TARGET = 13.7;
				MARKETING_VERSION = 1.0;
				PRODUCT_BUNDLE_IDENTIFIER = com.jordigallen.Viaplay;
				PRODUCT_NAME = "$(TARGET_NAME)";
				SDKROOT = auto;
				SUPPORTED_PLATFORMS = "iphoneos iphonesimulator macosx";
				SWIFT_EMIT_LOC_STRINGS = YES;
				SWIFT_VERSION = 5.0;
				TARGETED_DEVICE_FAMILY = "1,2";
			};
			name = Release;
		};
		14D5FF612E6632EC00F53C94 /* Debug */ = {
			isa = XCBuildConfiguration;
			buildSettings = {
				ALWAYS_EMBED_SWIFT_STANDARD_LIBRARIES = YES;
				BUNDLE_LOADER = "$(TEST_HOST)";
				CODE_SIGN_STYLE = Automatic;
				CURRENT_PROJECT_VERSION = 1;
				DEVELOPMENT_TEAM = XMY6QG9YH8;
				GENERATE_INFOPLIST_FILE = YES;
				IPHONEOS_DEPLOYMENT_TARGET = 17.2;
				MACOSX_DEPLOYMENT_TARGET = 13.7;
				MARKETING_VERSION = 1.0;
				PRODUCT_BUNDLE_IDENTIFIER = com.jordigallen.ViaplayTests;
				PRODUCT_NAME = "$(TARGET_NAME)";
				SDKROOT = auto;
				SUPPORTED_PLATFORMS = "iphoneos iphonesimulator macosx";
				SWIFT_EMIT_LOC_STRINGS = NO;
				SWIFT_VERSION = 5.0;
				TARGETED_DEVICE_FAMILY = "1,2";
				TEST_HOST = "$(BUILT_PRODUCTS_DIR)/Viaplay.app/$(BUNDLE_EXECUTABLE_FOLDER_PATH)/Viaplay";
			};
			name = Debug;
		};
		14D5FF622E6632EC00F53C94 /* Release */ = {
			isa = XCBuildConfiguration;
			buildSettings = {
				ALWAYS_EMBED_SWIFT_STANDARD_LIBRARIES = YES;
				BUNDLE_LOADER = "$(TEST_HOST)";
				CODE_SIGN_STYLE = Automatic;
				CURRENT_PROJECT_VERSION = 1;
				DEVELOPMENT_TEAM = XMY6QG9YH8;
				GENERATE_INFOPLIST_FILE = YES;
				IPHONEOS_DEPLOYMENT_TARGET = 17.2;
				MACOSX_DEPLOYMENT_TARGET = 13.7;
				MARKETING_VERSION = 1.0;
				PRODUCT_BUNDLE_IDENTIFIER = com.jordigallen.ViaplayTests;
				PRODUCT_NAME = "$(TARGET_NAME)";
				SDKROOT = auto;
				SUPPORTED_PLATFORMS = "iphoneos iphonesimulator macosx";
				SWIFT_EMIT_LOC_STRINGS = NO;
				SWIFT_VERSION = 5.0;
				TARGETED_DEVICE_FAMILY = "1,2";
				TEST_HOST = "$(BUILT_PRODUCTS_DIR)/Viaplay.app/$(BUNDLE_EXECUTABLE_FOLDER_PATH)/Viaplay";
			};
			name = Release;
		};
		14D5FF642E6632EC00F53C94 /* Debug */ = {
			isa = XCBuildConfiguration;
			buildSettings = {
				ALWAYS_EMBED_SWIFT_STANDARD_LIBRARIES = YES;
				CODE_SIGN_STYLE = Automatic;
				CURRENT_PROJECT_VERSION = 1;
				DEVELOPMENT_TEAM = XMY6QG9YH8;
				GENERATE_INFOPLIST_FILE = YES;
				IPHONEOS_DEPLOYMENT_TARGET = 17.2;
				MACOSX_DEPLOYMENT_TARGET = 13.7;
				MARKETING_VERSION = 1.0;
				PRODUCT_BUNDLE_IDENTIFIER = com.jordigallen.ViaplayUITests;
				PRODUCT_NAME = "$(TARGET_NAME)";
				SDKROOT = auto;
				SUPPORTED_PLATFORMS = "iphoneos iphonesimulator macosx";
				SWIFT_EMIT_LOC_STRINGS = NO;
				SWIFT_VERSION = 5.0;
				TARGETED_DEVICE_FAMILY = "1,2";
				TEST_TARGET_NAME = Viaplay;
			};
			name = Debug;
		};
		14D5FF652E6632EC00F53C94 /* Release */ = {
			isa = XCBuildConfiguration;
			buildSettings = {
				ALWAYS_EMBED_SWIFT_STANDARD_LIBRARIES = YES;
				CODE_SIGN_STYLE = Automatic;
				CURRENT_PROJECT_VERSION = 1;
				DEVELOPMENT_TEAM = XMY6QG9YH8;
				GENERATE_INFOPLIST_FILE = YES;
				IPHONEOS_DEPLOYMENT_TARGET = 17.2;
				MACOSX_DEPLOYMENT_TARGET = 13.7;
				MARKETING_VERSION = 1.0;
				PRODUCT_BUNDLE_IDENTIFIER = com.jordigallen.ViaplayUITests;
				PRODUCT_NAME = "$(TARGET_NAME)";
				SDKROOT = auto;
				SUPPORTED_PLATFORMS = "iphoneos iphonesimulator macosx";
				SWIFT_EMIT_LOC_STRINGS = NO;
				SWIFT_VERSION = 5.0;
				TARGETED_DEVICE_FAMILY = "1,2";
				TEST_TARGET_NAME = Viaplay;
			};
			name = Release;
		};
/* End XCBuildConfiguration section */

/* Begin XCConfigurationList section */
		14D5FF332E6632E600F53C94 /* Build configuration list for PBXProject "Viaplay" */ = {
			isa = XCConfigurationList;
			buildConfigurations = (
				14D5FF5B2E6632EC00F53C94 /* Debug */,
				14D5FF5C2E6632EC00F53C94 /* Release */,
			);
			defaultConfigurationIsVisible = 0;
			defaultConfigurationName = Release;
		};
		14D5FF5D2E6632EC00F53C94 /* Build configuration list for PBXNativeTarget "Viaplay" */ = {
			isa = XCConfigurationList;
			buildConfigurations = (
				14D5FF5E2E6632EC00F53C94 /* Debug */,
				14D5FF5F2E6632EC00F53C94 /* Release */,
			);
			defaultConfigurationIsVisible = 0;
			defaultConfigurationName = Release;
		};
		14D5FF602E6632EC00F53C94 /* Build configuration list for PBXNativeTarget "ViaplayTests" */ = {
			isa = XCConfigurationList;
			buildConfigurations = (
				14D5FF612E6632EC00F53C94 /* Debug */,
				14D5FF622E6632EC00F53C94 /* Release */,
			);
			defaultConfigurationIsVisible = 0;
			defaultConfigurationName = Release;
		};
		14D5FF632E6632EC00F53C94 /* Build configuration list for PBXNativeTarget "ViaplayUITests" */ = {
			isa = XCConfigurationList;
			buildConfigurations = (
				14D5FF642E6632EC00F53C94 /* Debug */,
				14D5FF652E6632EC00F53C94 /* Release */,
			);
			defaultConfigurationIsVisible = 0;
			defaultConfigurationName = Release;
		};
/* End XCConfigurationList section */
	};
	rootObject = 14D5FF302E6632E600F53C94 /* Project object */;
}
