// !$*UTF8*$!
{
	archiveVersion = 1;
	classes = {
	};
	objectVersion = 56;
	objects = {

/* Begin PBXBuildFile section */
		144BA2BE2E6DE81900BC8746 /* Data in Frameworks */ = {isa = PBXBuildFile; productRef = 14521C5E2E69BE0E00CD75E9 /* Data */; };
		144BA2BF2E6DE81900BC8746 /* DetailSection in Frameworks */ = {isa = PBXBuildFile; productRef = 14521C602E69BE0E00CD75E9 /* DetailSection */; };
		144BA2C02E6DE81900BC8746 /* Domain in Frameworks */ = {isa = PBXBuildFile; productRef = 14521C622E69BE0E00CD75E9 /* Domain */; };
		144BA2C12E6DE81900BC8746 /* DSKit in Frameworks */ = {isa = PBXBuildFile; productRef = 14521C642E69BE0E00CD75E9 /* DSKit */; };
		144BA2C22E6DE81900BC8746 /* Sections in Frameworks */ = {isa = PBXBuildFile; productRef = 14521C662E69BE0E00CD75E9 /* Sections */; };
		144BA2C32E6DE81900BC8746 /* StorageKit in Frameworks */ = {isa = PBXBuildFile; productRef = 14521C682E69BE0E00CD75E9 /* StorageKit */; };
		144BA2C42E6DE81900BC8746 /* Data in Frameworks */ = {isa = PBXBuildFile; productRef = 14521C5E2E69BE0E00CD75E9 /* Data */; };
		144BA2C52E6DE81900BC8746 /* DetailSection in Frameworks */ = {isa = PBXBuildFile; productRef = 14521C602E69BE0E00CD75E9 /* DetailSection */; };
		144BA2C62E6DE81900BC8746 /* Domain in Frameworks */ = {isa = PBXBuildFile; productRef = 14521C622E69BE0E00CD75E9 /* Domain */; };
		144BA2C72E6DE81900BC8746 /* DSKit in Frameworks */ = {isa = PBXBuildFile; productRef = 14521C642E69BE0E00CD75E9 /* DSKit */; };
		144BA2C82E6DE81900BC8746 /* Sections in Frameworks */ = {isa = PBXBuildFile; productRef = 14521C662E69BE0E00CD75E9 /* Sections */; };
		144BA2C92E6DE81900BC8746 /* StorageKit in Frameworks */ = {isa = PBXBuildFile; productRef = 14521C682E69BE0E00CD75E9 /* StorageKit */; };
		14521C582E69BD6B00CD75E9 /* StorageKit in Resources */ = {isa = PBXBuildFile; fileRef = 14521C4F2E69BD6B00CD75E9 /* StorageKit */; };
		14521C592E69BD6B00CD75E9 /* DSKit in Resources */ = {isa = PBXBuildFile; fileRef = 14521C502E69BD6B00CD75E9 /* DSKit */; };
		14521C5A2E69BD6B00CD75E9 /* Sections in Resources */ = {isa = PBXBuildFile; fileRef = 14521C522E69BD6B00CD75E9 /* Sections */; };
		14521C5B2E69BD6B00CD75E9 /* DetailSection in Resources */ = {isa = PBXBuildFile; fileRef = 14521C532E69BD6B00CD75E9 /* DetailSection */; };
		14521C5C2E69BD6B00CD75E9 /* Data in Resources */ = {isa = PBXBuildFile; fileRef = 14521C552E69BD6B00CD75E9 /* Data */; };
		14521C5D2E69BD6B00CD75E9 /* Domain in Resources */ = {isa = PBXBuildFile; fileRef = 14521C562E69BD6B00CD75E9 /* Domain */; };
		14521C5F2E69BE0E00CD75E9 /* Data in Frameworks */ = {isa = PBXBuildFile; productRef = 14521C5E2E69BE0E00CD75E9 /* Data */; };
		14521C612E69BE0E00CD75E9 /* DetailSection in Frameworks */ = {isa = PBXBuildFile; productRef = 14521C602E69BE0E00CD75E9 /* DetailSection */; };
		14521C632E69BE0E00CD75E9 /* Domain in Frameworks */ = {isa = PBXBuildFile; productRef = 14521C622E69BE0E00CD75E9 /* Domain */; };
		14521C652E69BE0E00CD75E9 /* DSKit in Frameworks */ = {isa = PBXBuildFile; productRef = 14521C642E69BE0E00CD75E9 /* DSKit */; };
		14521C672E69BE0E00CD75E9 /* Sections in Frameworks */ = {isa = PBXBuildFile; productRef = 14521C662E69BE0E00CD75E9 /* Sections */; };
		14521C692E69BE0E00CD75E9 /* StorageKit in Frameworks */ = {isa = PBXBuildFile; productRef = 14521C682E69BE0E00CD75E9 /* StorageKit */; };
		147034D42E6D7F85009BED5C /* ViaplaytvOSApp.swift in Sources */ = {isa = PBXBuildFile; fileRef = 147034D32E6D7F85009BED5C /* ViaplaytvOSApp.swift */; };
		147034D62E6D7F85009BED5C /* ContentView.swift in Sources */ = {isa = PBXBuildFile; fileRef = 147034D52E6D7F85009BED5C /* ContentView.swift */; };
		147034D82E6D7F8C009BED5C /* Assets.xcassets in Resources */ = {isa = PBXBuildFile; fileRef = 147034D72E6D7F8C009BED5C /* Assets.xcassets */; };
		147034DB2E6D7F8C009BED5C /* Preview Assets.xcassets in Resources */ = {isa = PBXBuildFile; fileRef = 147034DA2E6D7F8C009BED5C /* Preview Assets.xcassets */; };
		14D5FF3C2E6632E600F53C94 /* ViaplayApp.swift in Sources */ = {isa = PBXBuildFile; fileRef = 14D5FF3B2E6632E600F53C94 /* ViaplayApp.swift */; };
		14D5FF3E2E6632E600F53C94 /* ContentView.swift in Sources */ = {isa = PBXBuildFile; fileRef = 14D5FF3D2E6632E600F53C94 /* ContentView.swift */; };
		14D5FF402E6632EB00F53C94 /* Assets.xcassets in Resources */ = {isa = PBXBuildFile; fileRef = 14D5FF3F2E6632EB00F53C94 /* Assets.xcassets */; };
		14D5FF672E66C36200F53C94 /* README.md in Resources */ = {isa = PBXBuildFile; fileRef = 14D5FF662E66C36100F53C94 /* README.md */; };
/* End PBXBuildFile section */

/* Begin PBXContainerItemProxy section */
		147034E12E6D7F8D009BED5C /* PBXContainerItemProxy */ = {
			isa = PBXContainerItemProxy;
			containerPortal = 14D5FF302E6632E600F53C94 /* Project object */;
			proxyType = 1;
			remoteGlobalIDString = 147034D02E6D7F85009BED5C;
			remoteInfo = ViaplaytvOS;
		};
		147034EB2E6D7F8E009BED5C /* PBXContainerItemProxy */ = {
			isa = PBXContainerItemProxy;
			containerPortal = 14D5FF302E6632E600F53C94 /* Project object */;
			proxyType = 1;
			remoteGlobalIDString = 147034D02E6D7F85009BED5C;
			remoteInfo = ViaplaytvOS;
		};
		14D5FF4A2E6632EB00F53C94 /* PBXContainerItemProxy */ = {
			isa = PBXContainerItemProxy;
			containerPortal = 14D5FF302E6632E600F53C94 /* Project object */;
			proxyType = 1;
			remoteGlobalIDString = 14D5FF372E6632E600F53C94;
			remoteInfo = Viaplay;
		};
/* End PBXContainerItemProxy section */

/* Begin PBXFileReference section */
		14521C4F2E69BD6B00CD75E9 /* StorageKit */ = {isa = PBXFileReference; lastKnownFileType = wrapper; path = StorageKit; sourceTree = "<group>"; };
		14521C502E69BD6B00CD75E9 /* DSKit */ = {isa = PBXFileReference; lastKnownFileType = wrapper; path = DSKit; sourceTree = "<group>"; };
		14521C522E69BD6B00CD75E9 /* Sections */ = {isa = PBXFileReference; lastKnownFileType = wrapper; path = Sections; sourceTree = "<group>"; };
		14521C532E69BD6B00CD75E9 /* DetailSection */ = {isa = PBXFileReference; lastKnownFileType = wrapper; path = DetailSection; sourceTree = "<group>"; };
		14521C552E69BD6B00CD75E9 /* Data */ = {isa = PBXFileReference; lastKnownFileType = wrapper; path = Data; sourceTree = "<group>"; };
		14521C562E69BD6B00CD75E9 /* Domain */ = {isa = PBXFileReference; lastKnownFileType = wrapper; path = Domain; sourceTree = "<group>"; };
		14521C6A2E69BE6E00CD75E9 /* NetworkingKit */ = {isa = PBXFileReference; lastKnownFileType = wrapper; path = NetworkingKit; sourceTree = "<group>"; };
		145FEBD12E6F5298008C0533 /* AllTests.xctestplan */ = {isa = PBXFileReference; lastKnownFileType = text; path = AllTests.xctestplan; sourceTree = "<group>"; };
		147034D12E6D7F85009BED5C /* ViaplaytvOS.app */ = {isa = PBXFileReference; explicitFileType = wrapper.application; includeInIndex = 0; path = ViaplaytvOS.app; sourceTree = BUILT_PRODUCTS_DIR; };
		147034D32E6D7F85009BED5C /* ViaplaytvOSApp.swift */ = {isa = PBXFileReference; lastKnownFileType = sourcecode.swift; path = ViaplaytvOSApp.swift; sourceTree = "<group>"; };
		147034D52E6D7F85009BED5C /* ContentView.swift */ = {isa = PBXFileReference; lastKnownFileType = sourcecode.swift; path = ContentView.swift; sourceTree = "<group>"; };
		147034D72E6D7F8C009BED5C /* Assets.xcassets */ = {isa = PBXFileReference; lastKnownFileType = folder.assetcatalog; path = Assets.xcassets; sourceTree = "<group>"; };
		147034DA2E6D7F8C009BED5C /* Preview Assets.xcassets */ = {isa = PBXFileReference; lastKnownFileType = folder.assetcatalog; path = "Preview Assets.xcassets"; sourceTree = "<group>"; };
		147034E02E6D7F8D009BED5C /* ViaplaytvOSTests.xctest */ = {isa = PBXFileReference; explicitFileType = wrapper.cfbundle; includeInIndex = 0; path = ViaplaytvOSTests.xctest; sourceTree = BUILT_PRODUCTS_DIR; };
		147034EA2E6D7F8E009BED5C /* ViaplaytvOSUITests.xctest */ = {isa = PBXFileReference; explicitFileType = wrapper.cfbundle; includeInIndex = 0; path = ViaplaytvOSUITests.xctest; sourceTree = BUILT_PRODUCTS_DIR; };
		14D5FF382E6632E600F53C94 /* Viaplay.app */ = {isa = PBXFileReference; explicitFileType = wrapper.application; includeInIndex = 0; path = Viaplay.app; sourceTree = BUILT_PRODUCTS_DIR; };
		14D5FF3B2E6632E600F53C94 /* ViaplayApp.swift */ = {isa = PBXFileReference; lastKnownFileType = sourcecode.swift; path = ViaplayApp.swift; sourceTree = "<group>"; };
		14D5FF3D2E6632E600F53C94 /* ContentView.swift */ = {isa = PBXFileReference; lastKnownFileType = sourcecode.swift; path = ContentView.swift; sourceTree = "<group>"; };
		14D5FF3F2E6632EB00F53C94 /* Assets.xcassets */ = {isa = PBXFileReference; lastKnownFileType = folder.assetcatalog; path = Assets.xcassets; sourceTree = "<group>"; };
		14D5FF412E6632EB00F53C94 /* Viaplay.entitlements */ = {isa = PBXFileReference; lastKnownFileType = text.plist.entitlements; path = Viaplay.entitlements; sourceTree = "<group>"; };
		14D5FF492E6632EB00F53C94 /* ViaplayTests.xctest */ = {isa = PBXFileReference; explicitFileType = wrapper.cfbundle; includeInIndex = 0; path = ViaplayTests.xctest; sourceTree = BUILT_PRODUCTS_DIR; };
		14D5FF662E66C36100F53C94 /* README.md */ = {isa = PBXFileReference; fileEncoding = 4; lastKnownFileType = net.daringfireball.markdown; name = README.md; path = ../README.md; sourceTree = "<group>"; };
/* End PBXFileReference section */

/* Begin PBXFrameworksBuildPhase section */
		147034CE2E6D7F85009BED5C /* Frameworks */ = {
			isa = PBXFrameworksBuildPhase;
			buildActionMask = 2147483647;
			files = (
				144BA2C12E6DE81900BC8746 /* DSKit in Frameworks */,
				144BA2C02E6DE81900BC8746 /* Domain in Frameworks */,
				144BA2C22E6DE81900BC8746 /* Sections in Frameworks */,
				144BA2BE2E6DE81900BC8746 /* Data in Frameworks */,
				144BA2BF2E6DE81900BC8746 /* DetailSection in Frameworks */,
				144BA2C32E6DE81900BC8746 /* StorageKit in Frameworks */,
			);
			runOnlyForDeploymentPostprocessing = 0;
		};
		147034DD2E6D7F8D009BED5C /* Frameworks */ = {
			isa = PBXFrameworksBuildPhase;
			buildActionMask = 2147483647;
			files = (
				144BA2C72E6DE81900BC8746 /* DSKit in Frameworks */,
				144BA2C62E6DE81900BC8746 /* Domain in Frameworks */,
				144BA2C82E6DE81900BC8746 /* Sections in Frameworks */,
				144BA2C42E6DE81900BC8746 /* Data in Frameworks */,
				144BA2C52E6DE81900BC8746 /* DetailSection in Frameworks */,
				144BA2C92E6DE81900BC8746 /* StorageKit in Frameworks */,
			);
			runOnlyForDeploymentPostprocessing = 0;
		};
		147034E72E6D7F8E009BED5C /* Frameworks */ = {
			isa = PBXFrameworksBuildPhase;
			buildActionMask = 2147483647;
			files = (
			);
			runOnlyForDeploymentPostprocessing = 0;
		};
		14D5FF352E6632E600F53C94 /* Frameworks */ = {
			isa = PBXFrameworksBuildPhase;
			buildActionMask = 2147483647;
			files = (
				14521C652E69BE0E00CD75E9 /* DSKit in Frameworks */,
				14521C632E69BE0E00CD75E9 /* Domain in Frameworks */,
				14521C672E69BE0E00CD75E9 /* Sections in Frameworks */,
				14521C5F2E69BE0E00CD75E9 /* Data in Frameworks */,
				14521C612E69BE0E00CD75E9 /* DetailSection in Frameworks */,
				14521C692E69BE0E00CD75E9 /* StorageKit in Frameworks */,
			);
			runOnlyForDeploymentPostprocessing = 0;
		};
		14D5FF462E6632EB00F53C94 /* Frameworks */ = {
			isa = PBXFrameworksBuildPhase;
			buildActionMask = 2147483647;
			files = (
			);
			runOnlyForDeploymentPostprocessing = 0;
		};
/* End PBXFrameworksBuildPhase section */

/* Begin PBXGroup section */
		1405E6882E66FB4100D521FD /* Frameworks */ = {
			isa = PBXGroup;
			children = (
			);
			name = Frameworks;
			sourceTree = "<group>";
		};
		14521C4C2E69BD6B00CD75E9 /* Packages */ = {
			isa = PBXGroup;
			children = (
				14521C4D2E69BD6B00CD75E9 /* Infraestructure */,
				14521C512E69BD6B00CD75E9 /* Feature */,
				14521C542E69BD6B00CD75E9 /* Base */,
			);
			path = Packages;
			sourceTree = "<group>";
		};
		14521C4D2E69BD6B00CD75E9 /* Infraestructure */ = {
			isa = PBXGroup;
			children = (
				14521C6A2E69BE6E00CD75E9 /* NetworkingKit */,
				14521C4F2E69BD6B00CD75E9 /* StorageKit */,
				14521C502E69BD6B00CD75E9 /* DSKit */,
			);
			path = Infraestructure;
			sourceTree = "<group>";
		};
		14521C512E69BD6B00CD75E9 /* Feature */ = {
			isa = PBXGroup;
			children = (
				14521C522E69BD6B00CD75E9 /* Sections */,
				14521C532E69BD6B00CD75E9 /* DetailSection */,
			);
			path = Feature;
			sourceTree = "<group>";
		};
		14521C542E69BD6B00CD75E9 /* Base */ = {
			isa = PBXGroup;
			children = (
				14521C552E69BD6B00CD75E9 /* Data */,
				14521C562E69BD6B00CD75E9 /* Domain */,
			);
			path = Base;
			sourceTree = "<group>";
		};
		14530D612E697D9200978272 /* App */ = {
			isa = PBXGroup;
			children = (
				14D5FF3F2E6632EB00F53C94 /* Assets.xcassets */,
				14D5FF412E6632EB00F53C94 /* Viaplay.entitlements */,
				14D5FF3B2E6632E600F53C94 /* ViaplayApp.swift */,
				14D5FF3D2E6632E600F53C94 /* ContentView.swift */,
			);
			path = App;
			sourceTree = "<group>";
		};
		147034D22E6D7F85009BED5C /* ViaplaytvOS */ = {
			isa = PBXGroup;
			children = (
				147034D32E6D7F85009BED5C /* ViaplaytvOSApp.swift */,
				147034D52E6D7F85009BED5C /* ContentView.swift */,
				147034D72E6D7F8C009BED5C /* Assets.xcassets */,
				147034D92E6D7F8C009BED5C /* Preview Content */,
			);
			path = ViaplaytvOS;
			sourceTree = "<group>";
		};
		147034D92E6D7F8C009BED5C /* Preview Content */ = {
			isa = PBXGroup;
			children = (
				147034DA2E6D7F8C009BED5C /* Preview Assets.xcassets */,
			);
			path = "Preview Content";
			sourceTree = "<group>";
		};
		14D5FF2F2E6632E600F53C94 = {
			isa = PBXGroup;
			children = (
				145FEBD12E6F5298008C0533 /* AllTests.xctestplan */,
				14D5FF662E66C36100F53C94 /* README.md */,
				14D5FF3A2E6632E600F53C94 /* Viaplay */,
				147034D22E6D7F85009BED5C /* ViaplaytvOS */,
				14D5FF392E6632E600F53C94 /* Products */,
				1405E6882E66FB4100D521FD /* Frameworks */,
			);
			sourceTree = "<group>";
		};
		14D5FF392E6632E600F53C94 /* Products */ = {
			isa = PBXGroup;
			children = (
				14D5FF382E6632E600F53C94 /* Viaplay.app */,
				14D5FF492E6632EB00F53C94 /* ViaplayTests.xctest */,
				147034D12E6D7F85009BED5C /* ViaplaytvOS.app */,
				147034E02E6D7F8D009BED5C /* ViaplaytvOSTests.xctest */,
				147034EA2E6D7F8E009BED5C /* ViaplaytvOSUITests.xctest */,
			);
			name = Products;
			sourceTree = "<group>";
		};
		14D5FF3A2E6632E600F53C94 /* Viaplay */ = {
			isa = PBXGroup;
			children = (
				14521C4C2E69BD6B00CD75E9 /* Packages */,
				14530D612E697D9200978272 /* App */,
			);
			path = Viaplay;
			sourceTree = "<group>";
		};
/* End PBXGroup section */

/* Begin PBXNativeTarget section */
		147034D02E6D7F85009BED5C /* ViaplaytvOS */ = {
			isa = PBXNativeTarget;
			buildConfigurationList = 147034F82E6D7F8E009BED5C /* Build configuration list for PBXNativeTarget "ViaplaytvOS" */;
			buildPhases = (
				147034CD2E6D7F85009BED5C /* Sources */,
				147034CE2E6D7F85009BED5C /* Frameworks */,
				147034CF2E6D7F85009BED5C /* Resources */,
			);
			buildRules = (
			);
			dependencies = (
			);
			name = ViaplaytvOS;
			packageProductDependencies = (
				14521C5E2E69BE0E00CD75E9 /* Data */,
				14521C602E69BE0E00CD75E9 /* DetailSection */,
				14521C622E69BE0E00CD75E9 /* Domain */,
				14521C642E69BE0E00CD75E9 /* DSKit */,
				14521C662E69BE0E00CD75E9 /* Sections */,
				14521C682E69BE0E00CD75E9 /* StorageKit */,
			);
			productName = ViaplaytvOS;
			productReference = 147034D12E6D7F85009BED5C /* ViaplaytvOS.app */;
			productType = "com.apple.product-type.application";
		};
		147034DF2E6D7F8D009BED5C /* ViaplaytvOSTests */ = {
			isa = PBXNativeTarget;
			buildConfigurationList = 147034F92E6D7F8E009BED5C /* Build configuration list for PBXNativeTarget "ViaplaytvOSTests" */;
			buildPhases = (
				147034DC2E6D7F8D009BED5C /* Sources */,
				147034DD2E6D7F8D009BED5C /* Frameworks */,
				147034DE2E6D7F8D009BED5C /* Resources */,
			);
			buildRules = (
			);
			dependencies = (
				147034E22E6D7F8D009BED5C /* PBXTargetDependency */,
			);
			name = ViaplaytvOSTests;
			packageProductDependencies = (
				14521C5E2E69BE0E00CD75E9 /* Data */,
				14521C602E69BE0E00CD75E9 /* DetailSection */,
				14521C622E69BE0E00CD75E9 /* Domain */,
				14521C642E69BE0E00CD75E9 /* DSKit */,
				14521C662E69BE0E00CD75E9 /* Sections */,
				14521C682E69BE0E00CD75E9 /* StorageKit */,
			);
			productName = ViaplaytvOSTests;
			productReference = 147034E02E6D7F8D009BED5C /* ViaplaytvOSTests.xctest */;
			productType = "com.apple.product-type.bundle.unit-test";
		};
		147034E92E6D7F8E009BED5C /* ViaplaytvOSUITests */ = {
			isa = PBXNativeTarget;
			buildConfigurationList = 147034FA2E6D7F8E009BED5C /* Build configuration list for PBXNativeTarget "ViaplaytvOSUITests" */;
			buildPhases = (
				147034E62E6D7F8E009BED5C /* Sources */,
				147034E72E6D7F8E009BED5C /* Frameworks */,
				147034E82E6D7F8E009BED5C /* Resources */,
			);
			buildRules = (
			);
			dependencies = (
				147034EC2E6D7F8E009BED5C /* PBXTargetDependency */,
			);
			name = ViaplaytvOSUITests;
			productName = ViaplaytvOSUITests;
			productReference = 147034EA2E6D7F8E009BED5C /* ViaplaytvOSUITests.xctest */;
			productType = "com.apple.product-type.bundle.ui-testing";
		};
		14D5FF372E6632E600F53C94 /* Viaplay */ = {
			isa = PBXNativeTarget;
			buildConfigurationList = 14D5FF5D2E6632EC00F53C94 /* Build configuration list for PBXNativeTarget "Viaplay" */;
			buildPhases = (
				14D5FF342E6632E600F53C94 /* Sources */,
				14D5FF352E6632E600F53C94 /* Frameworks */,
				14D5FF362E6632E600F53C94 /* Resources */,
			);
			buildRules = (
			);
			dependencies = (
			);
			name = Viaplay;
			packageProductDependencies = (
				14521C5E2E69BE0E00CD75E9 /* Data */,
				14521C602E69BE0E00CD75E9 /* DetailSection */,
				14521C622E69BE0E00CD75E9 /* Domain */,
				14521C642E69BE0E00CD75E9 /* DSKit */,
				14521C662E69BE0E00CD75E9 /* Sections */,
				14521C682E69BE0E00CD75E9 /* StorageKit */,
			);
			productName = Viaplay;
			productReference = 14D5FF382E6632E600F53C94 /* Viaplay.app */;
			productType = "com.apple.product-type.application";
		};
		14D5FF482E6632EB00F53C94 /* ViaplayTests */ = {
			isa = PBXNativeTarget;
			buildConfigurationList = 14D5FF602E6632EC00F53C94 /* Build configuration list for PBXNativeTarget "ViaplayTests" */;
			buildPhases = (
				14D5FF452E6632EB00F53C94 /* Sources */,
				14D5FF462E6632EB00F53C94 /* Frameworks */,
				14D5FF472E6632EB00F53C94 /* Resources */,
			);
			buildRules = (
			);
			dependencies = (
				14D5FF4B2E6632EB00F53C94 /* PBXTargetDependency */,
			);
			name = ViaplayTests;
			productName = ViaplayTests;
			productReference = 14D5FF492E6632EB00F53C94 /* ViaplayTests.xctest */;
			productType = "com.apple.product-type.bundle.unit-test";
		};
/* End PBXNativeTarget section */

/* Begin PBXProject section */
		14D5FF302E6632E600F53C94 /* Project object */ = {
			isa = PBXProject;
			attributes = {
				BuildIndependentTargetsInParallel = 1;
				LastSwiftUpdateCheck = 1520;
				LastUpgradeCheck = 1520;
				TargetAttributes = {
					147034D02E6D7F85009BED5C = {
						CreatedOnToolsVersion = 15.2;
					};
					147034DF2E6D7F8D009BED5C = {
						CreatedOnToolsVersion = 15.2;
						TestTargetID = 147034D02E6D7F85009BED5C;
					};
					147034E92E6D7F8E009BED5C = {
						CreatedOnToolsVersion = 15.2;
						TestTargetID = 147034D02E6D7F85009BED5C;
					};
					14D5FF372E6632E600F53C94 = {
						CreatedOnToolsVersion = 15.2;
					};
					14D5FF482E6632EB00F53C94 = {
						CreatedOnToolsVersion = 15.2;
						TestTargetID = 14D5FF372E6632E600F53C94;
					};
				};
			};
			buildConfigurationList = 14D5FF332E6632E600F53C94 /* Build configuration list for PBXProject "Viaplay" */;
			compatibilityVersion = "Xcode 14.0";
			developmentRegion = en;
			hasScannedForEncodings = 0;
			knownRegions = (
				en,
				Base,
			);
			mainGroup = 14D5FF2F2E6632E600F53C94;
			packageReferences = (
			);
			productRefGroup = 14D5FF392E6632E600F53C94 /* Products */;
			projectDirPath = "";
			projectRoot = "";
			targets = (
				14D5FF372E6632E600F53C94 /* Viaplay */,
				14D5FF482E6632EB00F53C94 /* ViaplayTests */,
				147034D02E6D7F85009BED5C /* ViaplaytvOS */,
				147034DF2E6D7F8D009BED5C /* ViaplaytvOSTests */,
				147034E92E6D7F8E009BED5C /* ViaplaytvOSUITests */,
			);
		};
/* End PBXProject section */

/* Begin PBXResourcesBuildPhase section */
		147034CF2E6D7F85009BED5C /* Resources */ = {
			isa = PBXResourcesBuildPhase;
			buildActionMask = 2147483647;
			files = (
				147034DB2E6D7F8C009BED5C /* Preview Assets.xcassets in Resources */,
				147034D82E6D7F8C009BED5C /* Assets.xcassets in Resources */,
			);
			runOnlyForDeploymentPostprocessing = 0;
		};
		147034DE2E6D7F8D009BED5C /* Resources */ = {
			isa = PBXResourcesBuildPhase;
			buildActionMask = 2147483647;
			files = (
			);
			runOnlyForDeploymentPostprocessing = 0;
		};
		147034E82E6D7F8E009BED5C /* Resources */ = {
			isa = PBXResourcesBuildPhase;
			buildActionMask = 2147483647;
			files = (
			);
			runOnlyForDeploymentPostprocessing = 0;
		};
		14D5FF362E6632E600F53C94 /* Resources */ = {
			isa = PBXResourcesBuildPhase;
			buildActionMask = 2147483647;
			files = (
				14521C5D2E69BD6B00CD75E9 /* Domain in Resources */,
				14521C592E69BD6B00CD75E9 /* DSKit in Resources */,
				14D5FF672E66C36200F53C94 /* README.md in Resources */,
				14521C5A2E69BD6B00CD75E9 /* Sections in Resources */,
				14521C582E69BD6B00CD75E9 /* StorageKit in Resources */,
				14521C5B2E69BD6B00CD75E9 /* DetailSection in Resources */,
				14D5FF402E6632EB00F53C94 /* Assets.xcassets in Resources */,
				14521C5C2E69BD6B00CD75E9 /* Data in Resources */,
			);
			runOnlyForDeploymentPostprocessing = 0;
		};
		14D5FF472E6632EB00F53C94 /* Resources */ = {
			isa = PBXResourcesBuildPhase;
			buildActionMask = 2147483647;
			files = (
			);
			runOnlyForDeploymentPostprocessing = 0;
		};
/* End PBXResourcesBuildPhase section */

/* Begin PBXSourcesBuildPhase section */
		147034CD2E6D7F85009BED5C /* Sources */ = {
			isa = PBXSourcesBuildPhase;
			buildActionMask = 2147483647;
			files = (
				147034D62E6D7F85009BED5C /* ContentView.swift in Sources */,
				147034D42E6D7F85009BED5C /* ViaplaytvOSApp.swift in Sources */,
			);
			runOnlyForDeploymentPostprocessing = 0;
		};
		147034DC2E6D7F8D009BED5C /* Sources */ = {
			isa = PBXSourcesBuildPhase;
			buildActionMask = 2147483647;
			files = (
			);
			runOnlyForDeploymentPostprocessing = 0;
		};
		147034E62E6D7F8E009BED5C /* Sources */ = {
			isa = PBXSourcesBuildPhase;
			buildActionMask = 2147483647;
			files = (
			);
			runOnlyForDeploymentPostprocessing = 0;
		};
		14D5FF342E6632E600F53C94 /* Sources */ = {
			isa = PBXSourcesBuildPhase;
			buildActionMask = 2147483647;
			files = (
				14D5FF3E2E6632E600F53C94 /* ContentView.swift in Sources */,
				14D5FF3C2E6632E600F53C94 /* ViaplayApp.swift in Sources */,
			);
			runOnlyForDeploymentPostprocessing = 0;
		};
		14D5FF452E6632EB00F53C94 /* Sources */ = {
			isa = PBXSourcesBuildPhase;
			buildActionMask = 2147483647;
			files = (
			);
			runOnlyForDeploymentPostprocessing = 0;
		};
/* End PBXSourcesBuildPhase section */

/* Begin PBXTargetDependency section */
		147034E22E6D7F8D009BED5C /* PBXTargetDependency */ = {
			isa = PBXTargetDependency;
			target = 147034D02E6D7F85009BED5C /* ViaplaytvOS */;
			targetProxy = 147034E12E6D7F8D009BED5C /* PBXContainerItemProxy */;
		};
		147034EC2E6D7F8E009BED5C /* PBXTargetDependency */ = {
			isa = PBXTargetDependency;
			target = 147034D02E6D7F85009BED5C /* ViaplaytvOS */;
			targetProxy = 147034EB2E6D7F8E009BED5C /* PBXContainerItemProxy */;
		};
		14D5FF4B2E6632EB00F53C94 /* PBXTargetDependency */ = {
			isa = PBXTargetDependency;
			target = 14D5FF372E6632E600F53C94 /* Viaplay */;
			targetProxy = 14D5FF4A2E6632EB00F53C94 /* PBXContainerItemProxy */;
		};
/* End PBXTargetDependency section */

/* Begin XCBuildConfiguration section */
		147034F22E6D7F8E009BED5C /* Debug */ = {
			isa = XCBuildConfiguration;
			buildSettings = {
				ASSETCATALOG_COMPILER_APPICON_NAME = "App Icon & Top Shelf Image";
				ASSETCATALOG_COMPILER_GLOBAL_ACCENT_COLOR_NAME = AccentColor;
				CODE_SIGN_STYLE = Automatic;
				CURRENT_PROJECT_VERSION = 1;
				DEVELOPMENT_ASSET_PATHS = "\"ViaplaytvOS/Preview Content\"";
				DEVELOPMENT_TEAM = XMY6QG9YH8;
				ENABLE_PREVIEWS = YES;
				GENERATE_INFOPLIST_FILE = YES;
				INFOPLIST_KEY_UILaunchScreen_Generation = YES;
				INFOPLIST_KEY_UIUserInterfaceStyle = Automatic;
				LD_RUNPATH_SEARCH_PATHS = (
					"$(inherited)",
					"@executable_path/Frameworks",
				);
				MARKETING_VERSION = 1.0;
				PRODUCT_BUNDLE_IDENTIFIER = com.jordigallen.ViaplaytvOS;
				PRODUCT_NAME = "$(TARGET_NAME)";
				SDKROOT = appletvos;
				SWIFT_EMIT_LOC_STRINGS = YES;
				SWIFT_VERSION = 5.0;
				TARGETED_DEVICE_FAMILY = 3;
				TVOS_DEPLOYMENT_TARGET = 17.2;
			};
			name = Debug;
		};
		147034F32E6D7F8E009BED5C /* Release */ = {
			isa = XCBuildConfiguration;
			buildSettings = {
				ASSETCATALOG_COMPILER_APPICON_NAME = "App Icon & Top Shelf Image";
				ASSETCATALOG_COMPILER_GLOBAL_ACCENT_COLOR_NAME = AccentColor;
				CODE_SIGN_STYLE = Automatic;
				CURRENT_PROJECT_VERSION = 1;
				DEVELOPMENT_ASSET_PATHS = "\"ViaplaytvOS/Preview Content\"";
				DEVELOPMENT_TEAM = XMY6QG9YH8;
				ENABLE_PREVIEWS = YES;
				GENERATE_INFOPLIST_FILE = YES;
				INFOPLIST_KEY_UILaunchScreen_Generation = YES;
				INFOPLIST_KEY_UIUserInterfaceStyle = Automatic;
				LD_RUNPATH_SEARCH_PATHS = (
					"$(inherited)",
					"@executable_path/Frameworks",
				);
				MARKETING_VERSION = 1.0;
				PRODUCT_BUNDLE_IDENTIFIER = com.jordigallen.ViaplaytvOS;
				PRODUCT_NAME = "$(TARGET_NAME)";
				SDKROOT = appletvos;
				SWIFT_EMIT_LOC_STRINGS = YES;
				SWIFT_VERSION = 5.0;
				TARGETED_DEVICE_FAMILY = 3;
				TVOS_DEPLOYMENT_TARGET = 17.2;
				VALIDATE_PRODUCT = YES;
			};
			name = Release;
		};
		147034F42E6D7F8E009BED5C /* Debug */ = {
			isa = XCBuildConfiguration;
			buildSettings = {
				ALWAYS_EMBED_SWIFT_STANDARD_LIBRARIES = YES;
				BUNDLE_LOADER = "$(TEST_HOST)";
				CODE_SIGN_STYLE = Automatic;
				CURRENT_PROJECT_VERSION = 1;
				DEVELOPMENT_TEAM = XMY6QG9YH8;
				GENERATE_INFOPLIST_FILE = YES;
				MARKETING_VERSION = 1.0;
				PRODUCT_BUNDLE_IDENTIFIER = com.jordigallen.ViaplaytvOSTests;
				PRODUCT_NAME = "$(TARGET_NAME)";
				SDKROOT = appletvos;
				SWIFT_EMIT_LOC_STRINGS = NO;
				SWIFT_VERSION = 5.0;
				TARGETED_DEVICE_FAMILY = 3;
				TEST_HOST = "$(BUILT_PRODUCTS_DIR)/ViaplaytvOS.app/$(BUNDLE_EXECUTABLE_FOLDER_PATH)/ViaplaytvOS";
				TVOS_DEPLOYMENT_TARGET = 17.2;
			};
			name = Debug;
		};
		147034F52E6D7F8E009BED5C /* Release */ = {
			isa = XCBuildConfiguration;
			buildSettings = {
				ALWAYS_EMBED_SWIFT_STANDARD_LIBRARIES = YES;
				BUNDLE_LOADER = "$(TEST_HOST)";
				CODE_SIGN_STYLE = Automatic;
				CURRENT_PROJECT_VERSION = 1;
				DEVELOPMENT_TEAM = XMY6QG9YH8;
				GENERATE_INFOPLIST_FILE = YES;
				MARKETING_VERSION = 1.0;
				PRODUCT_BUNDLE_IDENTIFIER = com.jordigallen.ViaplaytvOSTests;
				PRODUCT_NAME = "$(TARGET_NAME)";
				SDKROOT = appletvos;
				SWIFT_EMIT_LOC_STRINGS = NO;
				SWIFT_VERSION = 5.0;
				TARGETED_DEVICE_FAMILY = 3;
				TEST_HOST = "$(BUILT_PRODUCTS_DIR)/ViaplaytvOS.app/$(BUNDLE_EXECUTABLE_FOLDER_PATH)/ViaplaytvOS";
				TVOS_DEPLOYMENT_TARGET = 17.2;
				VALIDATE_PRODUCT = YES;
			};
			name = Release;
		};
		147034F62E6D7F8E009BED5C /* Debug */ = {
			isa = XCBuildConfiguration;
			buildSettings = {
				ALWAYS_EMBED_SWIFT_STANDARD_LIBRARIES = YES;
				CODE_SIGN_STYLE = Automatic;
				CURRENT_PROJECT_VERSION = 1;
				DEVELOPMENT_TEAM = XMY6QG9YH8;
				GENERATE_INFOPLIST_FILE = YES;
				MARKETING_VERSION = 1.0;
				PRODUCT_BUNDLE_IDENTIFIER = com.jordigallen.ViaplaytvOSUITests;
				PRODUCT_NAME = "$(TARGET_NAME)";
				SDKROOT = appletvos;
				SWIFT_EMIT_LOC_STRINGS = NO;
				SWIFT_VERSION = 5.0;
				TARGETED_DEVICE_FAMILY = 3;
				TEST_TARGET_NAME = ViaplaytvOS;
				TVOS_DEPLOYMENT_TARGET = 17.2;
			};
			name = Debug;
		};
		147034F72E6D7F8E009BED5C /* Release */ = {
			isa = XCBuildConfiguration;
			buildSettings = {
				ALWAYS_EMBED_SWIFT_STANDARD_LIBRARIES = YES;
				CODE_SIGN_STYLE = Automatic;
				CURRENT_PROJECT_VERSION = 1;
				DEVELOPMENT_TEAM = XMY6QG9YH8;
				GENERATE_INFOPLIST_FILE = YES;
				MARKETING_VERSION = 1.0;
				PRODUCT_BUNDLE_IDENTIFIER = com.jordigallen.ViaplaytvOSUITests;
				PRODUCT_NAME = "$(TARGET_NAME)";
				SDKROOT = appletvos;
				SWIFT_EMIT_LOC_STRINGS = NO;
				SWIFT_VERSION = 5.0;
				TARGETED_DEVICE_FAMILY = 3;
				TEST_TARGET_NAME = ViaplaytvOS;
				TVOS_DEPLOYMENT_TARGET = 17.2;
				VALIDATE_PRODUCT = YES;
			};
			name = Release;
		};
		14D5FF5B2E6632EC00F53C94 /* Debug */ = {
			isa = XCBuildConfiguration;
			buildSettings = {
				ALWAYS_SEARCH_USER_PATHS = NO;
				ASSETCATALOG_COMPILER_GENERATE_SWIFT_ASSET_SYMBOL_EXTENSIONS = YES;
				CLANG_ANALYZER_NONNULL = YES;
				CLANG_ANALYZER_NUMBER_OBJECT_CONVERSION = YES_AGGRESSIVE;
				CLANG_CXX_LANGUAGE_STANDARD = "gnu++20";
				CLANG_ENABLE_MODULES = YES;
				CLANG_ENABLE_OBJC_ARC = YES;
				CLANG_ENABLE_OBJC_WEAK = YES;
				CLANG_WARN_BLOCK_CAPTURE_AUTORELEASING = YES;
				CLANG_WARN_BOOL_CONVERSION = YES;
				CLANG_WARN_COMMA = YES;
				CLANG_WARN_CONSTANT_CONVERSION = YES;
				CLANG_WARN_DEPRECATED_OBJC_IMPLEMENTATIONS = YES;
				CLANG_WARN_DIRECT_OBJC_ISA_USAGE = YES_ERROR;
				CLANG_WARN_DOCUMENTATION_COMMENTS = YES;
				CLANG_WARN_EMPTY_BODY = YES;
				CLANG_WARN_ENUM_CONVERSION = YES;
				CLANG_WARN_INFINITE_RECURSION = YES;
				CLANG_WARN_INT_CONVERSION = YES;
				CLANG_WARN_NON_LITERAL_NULL_CONVERSION = YES;
				CLANG_WARN_OBJC_IMPLICIT_RETAIN_SELF = YES;
				CLANG_WARN_OBJC_LITERAL_CONVERSION = YES;
				CLANG_WARN_OBJC_ROOT_CLASS = YES_ERROR;
				CLANG_WARN_QUOTED_INCLUDE_IN_FRAMEWORK_HEADER = YES;
				CLANG_WARN_RANGE_LOOP_ANALYSIS = YES;
				CLANG_WARN_STRICT_PROTOTYPES = YES;
				CLANG_WARN_SUSPICIOUS_MOVE = YES;
				CLANG_WARN_UNGUARDED_AVAILABILITY = YES_AGGRESSIVE;
				CLANG_WARN_UNREACHABLE_CODE = YES;
				CLANG_WARN__DUPLICATE_METHOD_MATCH = YES;
				COPY_PHASE_STRIP = NO;
				DEBUG_INFORMATION_FORMAT = dwarf;
				ENABLE_STRICT_OBJC_MSGSEND = YES;
				ENABLE_TESTABILITY = YES;
				ENABLE_USER_SCRIPT_SANDBOXING = YES;
				GCC_C_LANGUAGE_STANDARD = gnu17;
				GCC_DYNAMIC_NO_PIC = NO;
				GCC_NO_COMMON_BLOCKS = YES;
				GCC_OPTIMIZATION_LEVEL = 0;
				GCC_PREPROCESSOR_DEFINITIONS = (
					"DEBUG=1",
					"$(inherited)",
				);
				GCC_WARN_64_TO_32_BIT_CONVERSION = YES;
				GCC_WARN_ABOUT_RETURN_TYPE = YES_ERROR;
				GCC_WARN_UNDECLARED_SELECTOR = YES;
				GCC_WARN_UNINITIALIZED_AUTOS = YES_AGGRESSIVE;
				GCC_WARN_UNUSED_FUNCTION = YES;
				GCC_WARN_UNUSED_VARIABLE = YES;
				LOCALIZATION_PREFERS_STRING_CATALOGS = YES;
				MTL_ENABLE_DEBUG_INFO = INCLUDE_SOURCE;
				MTL_FAST_MATH = YES;
				ONLY_ACTIVE_ARCH = YES;
				SWIFT_ACTIVE_COMPILATION_CONDITIONS = "DEBUG $(inherited)";
				SWIFT_OPTIMIZATION_LEVEL = "-Onone";
			};
			name = Debug;
		};
		14D5FF5C2E6632EC00F53C94 /* Release */ = {
			isa = XCBuildConfiguration;
			buildSettings = {
				ALWAYS_SEARCH_USER_PATHS = NO;
				ASSETCATALOG_COMPILER_GENERATE_SWIFT_ASSET_SYMBOL_EXTENSIONS = YES;
				CLANG_ANALYZER_NONNULL = YES;
				CLANG_ANALYZER_NUMBER_OBJECT_CONVERSION = YES_AGGRESSIVE;
				CLANG_CXX_LANGUAGE_STANDARD = "gnu++20";
				CLANG_ENABLE_MODULES = YES;
				CLANG_ENABLE_OBJC_ARC = YES;
				CLANG_ENABLE_OBJC_WEAK = YES;
				CLANG_WARN_BLOCK_CAPTURE_AUTORELEASING = YES;
				CLANG_WARN_BOOL_CONVERSION = YES;
				CLANG_WARN_COMMA = YES;
				CLANG_WARN_CONSTANT_CONVERSION = YES;
				CLANG_WARN_DEPRECATED_OBJC_IMPLEMENTATIONS = YES;
				CLANG_WARN_DIRECT_OBJC_ISA_USAGE = YES_ERROR;
				CLANG_WARN_DOCUMENTATION_COMMENTS = YES;
				CLANG_WARN_EMPTY_BODY = YES;
				CLANG_WARN_ENUM_CONVERSION = YES;
				CLANG_WARN_INFINITE_RECURSION = YES;
				CLANG_WARN_INT_CONVERSION = YES;
				CLANG_WARN_NON_LITERAL_NULL_CONVERSION = YES;
				CLANG_WARN_OBJC_IMPLICIT_RETAIN_SELF = YES;
				CLANG_WARN_OBJC_LITERAL_CONVERSION = YES;
				CLANG_WARN_OBJC_ROOT_CLASS = YES_ERROR;
				CLANG_WARN_QUOTED_INCLUDE_IN_FRAMEWORK_HEADER = YES;
				CLANG_WARN_RANGE_LOOP_ANALYSIS = YES;
				CLANG_WARN_STRICT_PROTOTYPES = YES;
				CLANG_WARN_SUSPICIOUS_MOVE = YES;
				CLANG_WARN_UNGUARDED_AVAILABILITY = YES_AGGRESSIVE;
				CLANG_WARN_UNREACHABLE_CODE = YES;
				CLANG_WARN__DUPLICATE_METHOD_MATCH = YES;
				COPY_PHASE_STRIP = NO;
				DEBUG_INFORMATION_FORMAT = "dwarf-with-dsym";
				ENABLE_NS_ASSERTIONS = NO;
				ENABLE_STRICT_OBJC_MSGSEND = YES;
				ENABLE_USER_SCRIPT_SANDBOXING = YES;
				GCC_C_LANGUAGE_STANDARD = gnu17;
				GCC_NO_COMMON_BLOCKS = YES;
				GCC_WARN_64_TO_32_BIT_CONVERSION = YES;
				GCC_WARN_ABOUT_RETURN_TYPE = YES_ERROR;
				GCC_WARN_UNDECLARED_SELECTOR = YES;
				GCC_WARN_UNINITIALIZED_AUTOS = YES_AGGRESSIVE;
				GCC_WARN_UNUSED_FUNCTION = YES;
				GCC_WARN_UNUSED_VARIABLE = YES;
				LOCALIZATION_PREFERS_STRING_CATALOGS = YES;
				MTL_ENABLE_DEBUG_INFO = NO;
				MTL_FAST_MATH = YES;
				SWIFT_COMPILATION_MODE = wholemodule;
			};
			name = Release;
		};
		14D5FF5E2E6632EC00F53C94 /* Debug */ = {
			isa = XCBuildConfiguration;
			buildSettings = {
				ASSETCATALOG_COMPILER_APPICON_NAME = AppIcon;
				ASSETCATALOG_COMPILER_GLOBAL_ACCENT_COLOR_NAME = AccentColor;
				CODE_SIGN_ENTITLEMENTS = Viaplay/App/Viaplay.entitlements;
				CODE_SIGN_STYLE = Automatic;
				CURRENT_PROJECT_VERSION = 1;
				DEVELOPMENT_TEAM = XMY6QG9YH8;
				ENABLE_HARDENED_RUNTIME = YES;
				ENABLE_PREVIEWS = YES;
				GENERATE_INFOPLIST_FILE = YES;
				"INFOPLIST_KEY_UIApplicationSceneManifest_Generation[sdk=iphoneos*]" = YES;
				"INFOPLIST_KEY_UIApplicationSceneManifest_Generation[sdk=iphonesimulator*]" = YES;
				"INFOPLIST_KEY_UIApplicationSupportsIndirectInputEvents[sdk=iphoneos*]" = YES;
				"INFOPLIST_KEY_UIApplicationSupportsIndirectInputEvents[sdk=iphonesimulator*]" = YES;
				"INFOPLIST_KEY_UILaunchScreen_Generation[sdk=iphoneos*]" = YES;
				"INFOPLIST_KEY_UILaunchScreen_Generation[sdk=iphonesimulator*]" = YES;
				"INFOPLIST_KEY_UIStatusBarStyle[sdk=iphoneos*]" = UIStatusBarStyleDefault;
				"INFOPLIST_KEY_UIStatusBarStyle[sdk=iphonesimulator*]" = UIStatusBarStyleDefault;
				INFOPLIST_KEY_UISupportedInterfaceOrientations_iPad = "UIInterfaceOrientationPortrait UIInterfaceOrientationPortraitUpsideDown UIInterfaceOrientationLandscapeLeft UIInterfaceOrientationLandscapeRight";
				INFOPLIST_KEY_UISupportedInterfaceOrientations_iPhone = "UIInterfaceOrientationPortrait UIInterfaceOrientationLandscapeLeft UIInterfaceOrientationLandscapeRight";
				IPHONEOS_DEPLOYMENT_TARGET = 17.2;
				LD_RUNPATH_SEARCH_PATHS = "@executable_path/Frameworks";
				"LD_RUNPATH_SEARCH_PATHS[sdk=macosx*]" = "@executable_path/../Frameworks";
				MACOSX_DEPLOYMENT_TARGET = 13.7;
				MARKETING_VERSION = 1.0;
				PRODUCT_BUNDLE_IDENTIFIER = com.jordigallen.Viaplay;
				PRODUCT_NAME = "$(TARGET_NAME)";
				SDKROOT = auto;
				SUPPORTED_PLATFORMS = "iphoneos iphonesimulator";
				SUPPORTS_MACCATALYST = NO;
				SWIFT_EMIT_LOC_STRINGS = YES;
				SWIFT_VERSION = 5.0;
				TARGETED_DEVICE_FAMILY = "1,2";
			};
			name = Debug;
		};
		14D5FF5F2E6632EC00F53C94 /* Release */ = {
			isa = XCBuildConfiguration;
			buildSettings = {
				ASSETCATALOG_COMPILER_APPICON_NAME = AppIcon;
				ASSETCATALOG_COMPILER_GLOBAL_ACCENT_COLOR_NAME = AccentColor;
				CODE_SIGN_ENTITLEMENTS = Viaplay/App/Viaplay.entitlements;
				CODE_SIGN_STYLE = Automatic;
				CURRENT_PROJECT_VERSION = 1;
				DEVELOPMENT_TEAM = XMY6QG9YH8;
				ENABLE_HARDENED_RUNTIME = YES;
				ENABLE_PREVIEWS = YES;
				GENERATE_INFOPLIST_FILE = YES;
				"INFOPLIST_KEY_UIApplicationSceneManifest_Generation[sdk=iphoneos*]" = YES;
				"INFOPLIST_KEY_UIApplicationSceneManifest_Generation[sdk=iphonesimulator*]" = YES;
				"INFOPLIST_KEY_UIApplicationSupportsIndirectInputEvents[sdk=iphoneos*]" = YES;
				"INFOPLIST_KEY_UIApplicationSupportsIndirectInputEvents[sdk=iphonesimulator*]" = YES;
				"INFOPLIST_KEY_UILaunchScreen_Generation[sdk=iphoneos*]" = YES;
				"INFOPLIST_KEY_UILaunchScreen_Generation[sdk=iphonesimulator*]" = YES;
				"INFOPLIST_KEY_UIStatusBarStyle[sdk=iphoneos*]" = UIStatusBarStyleDefault;
				"INFOPLIST_KEY_UIStatusBarStyle[sdk=iphonesimulator*]" = UIStatusBarStyleDefault;
				INFOPLIST_KEY_UISupportedInterfaceOrientations_iPad = "UIInterfaceOrientationPortrait UIInterfaceOrientationPortraitUpsideDown UIInterfaceOrientationLandscapeLeft UIInterfaceOrientationLandscapeRight";
				INFOPLIST_KEY_UISupportedInterfaceOrientations_iPhone = "UIInterfaceOrientationPortrait UIInterfaceOrientationLandscapeLeft UIInterfaceOrientationLandscapeRight";
				IPHONEOS_DEPLOYMENT_TARGET = 17.2;
				LD_RUNPATH_SEARCH_PATHS = "@executable_path/Frameworks";
				"LD_RUNPATH_SEARCH_PATHS[sdk=macosx*]" = "@executable_path/../Frameworks";
				MACOSX_DEPLOYMENT_TARGET = 13.7;
				MARKETING_VERSION = 1.0;
				PRODUCT_BUNDLE_IDENTIFIER = com.jordigallen.Viaplay;
				PRODUCT_NAME = "$(TARGET_NAME)";
				SDKROOT = auto;
				SUPPORTED_PLATFORMS = "iphoneos iphonesimulator";
				SUPPORTS_MACCATALYST = NO;
				SWIFT_EMIT_LOC_STRINGS = YES;
				SWIFT_VERSION = 5.0;
				TARGETED_DEVICE_FAMILY = "1,2";
			};
			name = Release;
		};
		14D5FF612E6632EC00F53C94 /* Debug */ = {
			isa = XCBuildConfiguration;
			buildSettings = {
				ALWAYS_EMBED_SWIFT_STANDARD_LIBRARIES = YES;
				BUNDLE_LOADER = "$(TEST_HOST)";
				CODE_SIGN_STYLE = Automatic;
				CURRENT_PROJECT_VERSION = 1;
				DEVELOPMENT_TEAM = XMY6QG9YH8;
				GENERATE_INFOPLIST_FILE = YES;
				IPHONEOS_DEPLOYMENT_TARGET = 17.2;
				MACOSX_DEPLOYMENT_TARGET = 13.7;
				MARKETING_VERSION = 1.0;
				PRODUCT_BUNDLE_IDENTIFIER = com.jordigallen.ViaplayTests;
				PRODUCT_NAME = "$(TARGET_NAME)";
				SDKROOT = auto;
				SUPPORTED_PLATFORMS = "iphoneos iphonesimulator";
				SUPPORTS_MACCATALYST = NO;
				SWIFT_EMIT_LOC_STRINGS = NO;
				SWIFT_VERSION = 5.0;
				TARGETED_DEVICE_FAMILY = "1,2";
				TEST_HOST = "$(BUILT_PRODUCTS_DIR)/Viaplay.app/$(BUNDLE_EXECUTABLE_FOLDER_PATH)/Viaplay";
			};
			name = Debug;
		};
		14D5FF622E6632EC00F53C94 /* Release */ = {
			isa = XCBuildConfiguration;
			buildSettings = {
				ALWAYS_EMBED_SWIFT_STANDARD_LIBRARIES = YES;
				BUNDLE_LOADER = "$(TEST_HOST)";
				CODE_SIGN_STYLE = Automatic;
				CURRENT_PROJECT_VERSION = 1;
				DEVELOPMENT_TEAM = XMY6QG9YH8;
				GENERATE_INFOPLIST_FILE = YES;
				IPHONEOS_DEPLOYMENT_TARGET = 17.2;
				MACOSX_DEPLOYMENT_TARGET = 13.7;
				MARKETING_VERSION = 1.0;
				PRODUCT_BUNDLE_IDENTIFIER = com.jordigallen.ViaplayTests;
				PRODUCT_NAME = "$(TARGET_NAME)";
				SDKROOT = auto;
				SUPPORTED_PLATFORMS = "iphoneos iphonesimulator";
				SUPPORTS_MACCATALYST = NO;
				SWIFT_EMIT_LOC_STRINGS = NO;
				SWIFT_VERSION = 5.0;
				TARGETED_DEVICE_FAMILY = "1,2";
				TEST_HOST = "$(BUILT_PRODUCTS_DIR)/Viaplay.app/$(BUNDLE_EXECUTABLE_FOLDER_PATH)/Viaplay";
			};
			name = Release;
		};
/* End XCBuildConfiguration section */

/* Begin XCConfigurationList section */
		147034F82E6D7F8E009BED5C /* Build configuration list for PBXNativeTarget "ViaplaytvOS" */ = {
			isa = XCConfigurationList;
			buildConfigurations = (
				147034F22E6D7F8E009BED5C /* Debug */,
				147034F32E6D7F8E009BED5C /* Release */,
			);
			defaultConfigurationIsVisible = 0;
			defaultConfigurationName = Release;
		};
		147034F92E6D7F8E009BED5C /* Build configuration list for PBXNativeTarget "ViaplaytvOSTests" */ = {
			isa = XCConfigurationList;
			buildConfigurations = (
				147034F42E6D7F8E009BED5C /* Debug */,
				147034F52E6D7F8E009BED5C /* Release */,
			);
			defaultConfigurationIsVisible = 0;
			defaultConfigurationName = Release;
		};
		147034FA2E6D7F8E009BED5C /* Build configuration list for PBXNativeTarget "ViaplaytvOSUITests" */ = {
			isa = XCConfigurationList;
			buildConfigurations = (
				147034F62E6D7F8E009BED5C /* Debug */,
				147034F72E6D7F8E009BED5C /* Release */,
			);
			defaultConfigurationIsVisible = 0;
			defaultConfigurationName = Release;
		};
		14D5FF332E6632E600F53C94 /* Build configuration list for PBXProject "Viaplay" */ = {
			isa = XCConfigurationList;
			buildConfigurations = (
				14D5FF5B2E6632EC00F53C94 /* Debug */,
				14D5FF5C2E6632EC00F53C94 /* Release */,
			);
			defaultConfigurationIsVisible = 0;
			defaultConfigurationName = Release;
		};
		14D5FF5D2E6632EC00F53C94 /* Build configuration list for PBXNativeTarget "Viaplay" */ = {
			isa = XCConfigurationList;
			buildConfigurations = (
				14D5FF5E2E6632EC00F53C94 /* Debug */,
				14D5FF5F2E6632EC00F53C94 /* Release */,
			);
			defaultConfigurationIsVisible = 0;
			defaultConfigurationName = Release;
		};
		14D5FF602E6632EC00F53C94 /* Build configuration list for PBXNativeTarget "ViaplayTests" */ = {
			isa = XCConfigurationList;
			buildConfigurations = (
				14D5FF612E6632EC00F53C94 /* Debug */,
				14D5FF622E6632EC00F53C94 /* Release */,
			);
			defaultConfigurationIsVisible = 0;
			defaultConfigurationName = Release;
		};
/* End XCConfigurationList section */

/* Begin XCSwiftPackageProductDependency section */
		14521C5E2E69BE0E00CD75E9 /* Data */ = {
			isa = XCSwiftPackageProductDependency;
			productName = Data;
		};
		14521C602E69BE0E00CD75E9 /* DetailSection */ = {
			isa = XCSwiftPackageProductDependency;
			productName = DetailSection;
		};
		14521C622E69BE0E00CD75E9 /* Domain */ = {
			isa = XCSwiftPackageProductDependency;
			productName = Domain;
		};
		14521C642E69BE0E00CD75E9 /* DSKit */ = {
			isa = XCSwiftPackageProductDependency;
			productName = DSKit;
		};
		14521C662E69BE0E00CD75E9 /* Sections */ = {
			isa = XCSwiftPackageProductDependency;
			productName = Sections;
		};
		14521C682E69BE0E00CD75E9 /* StorageKit */ = {
			isa = XCSwiftPackageProductDependency;
			productName = StorageKit;
		};
/* End XCSwiftPackageProductDependency section */
	};
	rootObject = 14D5FF302E6632E600F53C94 /* Project object */;
}
